
Microsoft Visual Studio Solution File, Format Version 12.00
# Visual Studio Version 17
VisualStudioVersion = 17.9.34902.65
MinimumVisualStudioVersion = 10.0.40219.1
Project("{2150E333-8FDC-42A3-9474-1A3956D46DE8}") = "0-Presentation", "0-Presentation", "{07A6BB0E-791B-4C14-B496-847E05898956}"
EndProject
Project("{2150E333-8FDC-42A3-9474-1A3956D46DE8}") = "1-Services", "1-Services", "{63E55B26-1BEB-4D86-89E2-60EDB5AE8DE6}"
EndProject
Project("{2150E333-8FDC-42A3-9474-1A3956D46DE8}") = "2-Application", "2-Application", "{66B7253F-9C1C-450B-B7D4-D5DC65951303}"
EndProject
Project("{2150E333-8FDC-42A3-9474-1A3956D46DE8}") = "3-Domain", "3-Domain", "{5C6154EF-E8FC-4AAE-A0FB-724F19206CF1}"
EndProject
Project("{2150E333-8FDC-42A3-9474-1A3956D46DE8}") = "4-Infra", "4-Infra", "{8FE61E7E-43FF-4BDB-9B9C-8935EB83C2DA}"
EndProject
Project("{2150E333-8FDC-42A3-9474-1A3956D46DE8}") = "5-CrossCutting", "5-CrossCutting", "{BAC12760-2D39-4230-B6FA-1DC061584486}"
EndProject
Project("{2150E333-8FDC-42A3-9474-1A3956D46DE8}") = "Test", "Test", "{EA2D6F3F-AA7B-4B2B-A02D-9C55C355A6FA}"
EndProject
Project("{2150E333-8FDC-42A3-9474-1A3956D46DE8}") = "src", "src", "{673B1474-210A-4FDD-BE49-A16A77A56CE6}"
EndProject
Project("{9A19103F-16F7-4668-BE54-9A1E7A4F7556}") = "RoyalLibrary.Infra", "src\4-Infra\RoyalLibrary.Infra\RoyalLibrary.Infra.csproj", "{1D210322-E81C-4708-B4EB-6B237F6BFC7A}"
EndProject
Project("{9A19103F-16F7-4668-BE54-9A1E7A4F7556}") = "RoyalLibrary.Domain", "src\3-Domain\RoyalLibrary.Domain\RoyalLibrary.Domain.csproj", "{F1DD7511-E9D2-4EE6-BDEC-64C446E1A183}"
EndProject
Project("{9A19103F-16F7-4668-BE54-9A1E7A4F7556}") = "CrossCutting", "src\5-CrossCutting\CrossCutting\CrossCutting.csproj", "{CD168F51-B014-4220-9078-1D77291939D4}"
EndProject
Project("{9A19103F-16F7-4668-BE54-9A1E7A4F7556}") = "RoyalLibrary.Application", "src\2-Application\RoyalLibrary.Application\RoyalLibrary.Application.csproj", "{75A33124-A753-4AEC-841A-797CCB77B1C4}"
EndProject
Project("{9A19103F-16F7-4668-BE54-9A1E7A4F7556}") = "WebAPI.NETCore", "src\1-Services\API\WebAPI.NETCore.csproj", "{3E58775F-7AB2-4933-BE4D-C8286D493EDE}"
EndProject
Global
	GlobalSection(SolutionConfigurationPlatforms) = preSolution
		Debug|Any CPU = Debug|Any CPU
		Release|Any CPU = Release|Any CPU
	EndGlobalSection
	GlobalSection(ProjectConfigurationPlatforms) = postSolution
		{1D210322-E81C-4708-B4EB-6B237F6BFC7A}.Debug|Any CPU.ActiveCfg = Debug|Any CPU
		{1D210322-E81C-4708-B4EB-6B237F6BFC7A}.Debug|Any CPU.Build.0 = Debug|Any CPU
		{1D210322-E81C-4708-B4EB-6B237F6BFC7A}.Release|Any CPU.ActiveCfg = Release|Any CPU
		{1D210322-E81C-4708-B4EB-6B237F6BFC7A}.Release|Any CPU.Build.0 = Release|Any CPU
		{F1DD7511-E9D2-4EE6-BDEC-64C446E1A183}.Debug|Any CPU.ActiveCfg = Debug|Any CPU
		{F1DD7511-E9D2-4EE6-BDEC-64C446E1A183}.Debug|Any CPU.Build.0 = Debug|Any CPU
		{F1DD7511-E9D2-4EE6-BDEC-64C446E1A183}.Release|Any CPU.ActiveCfg = Release|Any CPU
		{F1DD7511-E9D2-4EE6-BDEC-64C446E1A183}.Release|Any CPU.Build.0 = Release|Any CPU
		{CD168F51-B014-4220-9078-1D77291939D4}.Debug|Any CPU.ActiveCfg = Debug|Any CPU
		{CD168F51-B014-4220-9078-1D77291939D4}.Debug|Any CPU.Build.0 = Debug|Any CPU
		{CD168F51-B014-4220-9078-1D77291939D4}.Release|Any CPU.ActiveCfg = Release|Any CPU
		{CD168F51-B014-4220-9078-1D77291939D4}.Release|Any CPU.Build.0 = Release|Any CPU
		{75A33124-A753-4AEC-841A-797CCB77B1C4}.Debug|Any CPU.ActiveCfg = Debug|Any CPU
		{75A33124-A753-4AEC-841A-797CCB77B1C4}.Debug|Any CPU.Build.0 = Debug|Any CPU
		{75A33124-A753-4AEC-841A-797CCB77B1C4}.Release|Any CPU.ActiveCfg = Release|Any CPU
		{75A33124-A753-4AEC-841A-797CCB77B1C4}.Release|Any CPU.Build.0 = Release|Any CPU
		{3E58775F-7AB2-4933-BE4D-C8286D493EDE}.Debug|Any CPU.ActiveCfg = Debug|Any CPU
		{3E58775F-7AB2-4933-BE4D-C8286D493EDE}.Debug|Any CPU.Build.0 = Debug|Any CPU
		{3E58775F-7AB2-4933-BE4D-C8286D493EDE}.Release|Any CPU.ActiveCfg = Release|Any CPU
		{3E58775F-7AB2-4933-BE4D-C8286D493EDE}.Release|Any CPU.Build.0 = Release|Any CPU
	EndGlobalSection
	GlobalSection(SolutionProperties) = preSolution
		HideSolutionNode = FALSE
	EndGlobalSection
	GlobalSection(NestedProjects) = preSolution
		{07A6BB0E-791B-4C14-B496-847E05898956} = {673B1474-210A-4FDD-BE49-A16A77A56CE6}
		{63E55B26-1BEB-4D86-89E2-60EDB5AE8DE6} = {673B1474-210A-4FDD-BE49-A16A77A56CE6}
		{66B7253F-9C1C-450B-B7D4-D5DC65951303} = {673B1474-210A-4FDD-BE49-A16A77A56CE6}
		{5C6154EF-E8FC-4AAE-A0FB-724F19206CF1} = {673B1474-210A-4FDD-BE49-A16A77A56CE6}
		{8FE61E7E-43FF-4BDB-9B9C-8935EB83C2DA} = {673B1474-210A-4FDD-BE49-A16A77A56CE6}
		{BAC12760-2D39-4230-B6FA-1DC061584486} = {673B1474-210A-4FDD-BE49-A16A77A56CE6}
		{EA2D6F3F-AA7B-4B2B-A02D-9C55C355A6FA} = {673B1474-210A-4FDD-BE49-A16A77A56CE6}
		{1D210322-E81C-4708-B4EB-6B237F6BFC7A} = {8FE61E7E-43FF-4BDB-9B9C-8935EB83C2DA}
		{F1DD7511-E9D2-4EE6-BDEC-64C446E1A183} = {5C6154EF-E8FC-4AAE-A0FB-724F19206CF1}
		{CD168F51-B014-4220-9078-1D77291939D4} = {BAC12760-2D39-4230-B6FA-1DC061584486}
		{75A33124-A753-4AEC-841A-797CCB77B1C4} = {66B7253F-9C1C-450B-B7D4-D5DC65951303}
		{3E58775F-7AB2-4933-BE4D-C8286D493EDE} = {63E55B26-1BEB-4D86-89E2-60EDB5AE8DE6}
	EndGlobalSection
	GlobalSection(ExtensibilityGlobals) = postSolution
		SolutionGuid = {CD8725A7-5ABB-4F72-8DF4-D7BD1623C57E}
	EndGlobalSection
EndGlobal
